<?xml version="1.0" encoding="utf-8"?>
<Project ToolsVersion="4.0" xmlns="http://schemas.microsoft.com/developer/msbuild/2003">
  <ItemGroup>
    <Filter Include="Default">
      <UniqueIdentifier>{5fb1d9d1-7d9d-43ea-a359-73efb2208fda}</UniqueIdentifier>
    </Filter>
    <Filter Include="Scripts">
      <UniqueIdentifier>{fcca8f6f-f5d1-4208-a54b-8b2a186e4109}</UniqueIdentifier>
    </Filter>
    <Filter Include="ScriptMgr">
      <UniqueIdentifier>{a81e4175-ff5a-4f4e-b463-42820809320a}</UniqueIdentifier>
    </Filter>
    <Filter Include="Header">
      <UniqueIdentifier>{e95e5319-d12b-4352-ab82-ccf7e5eef93b}</UniqueIdentifier>
    </Filter>
    <Filter Include="Scripts\Monster">
      <UniqueIdentifier>{89bdac44-c4c8-4e01-9a2d-b3cccd8a6471}</UniqueIdentifier>
    </Filter>
    <Filter Include="Scripts\Monster\Bokoblin">
      <UniqueIdentifier>{f60a7553-c40f-4681-bedf-e80ae78ca393}</UniqueIdentifier>
    </Filter>
    <Filter Include="Scripts\MonsterAI">
      <UniqueIdentifier>{3c841489-4051-4823-a8fd-a8c1190449c4}</UniqueIdentifier>
    </Filter>
  </ItemGroup>
  <ItemGroup>
    <ClInclude Include="framework.h">
      <Filter>Default</Filter>
    </ClInclude>
    <ClInclude Include="pch.h">
      <Filter>Default</Filter>
    </ClInclude>
    <ClInclude Include="CScriptMgr.h">
      <Filter>ScriptMgr</Filter>
    </ClInclude>
    <ClInclude Include="Scriptdefine.h">
      <Filter>Header</Filter>
    </ClInclude>
    <ClInclude Include="Scriptstruct.h">
      <Filter>Header</Filter>
    </ClInclude>
    <ClInclude Include="ScriptFunc.h">
      <Filter>Header</Filter>
    </ClInclude>
    <ClInclude Include="CPlayerScript.h" />
    <ClInclude Include="CMissileScript.h" />
    <ClInclude Include="CNavTestSCR.h" />
    <ClInclude Include="CTestSCR.h" />
    <ClInclude Include="CBokoblinScript.h">
      <Filter>Scripts\Monster\Bokoblin</Filter>
    </ClInclude>
    <ClInclude Include="CMonsterAIScript.h">
      <Filter>Scripts\MonsterAI</Filter>
    </ClInclude>
    <ClInclude Include="CMonsterScript.h">
      <Filter>Scripts\Monster</Filter>
    </ClInclude>
  </ItemGroup>
  <ItemGroup>
    <ClCompile Include="pch.cpp">
      <Filter>Default</Filter>
    </ClCompile>
    <ClCompile Include="Script.cpp">
      <Filter>Default</Filter>
    </ClCompile>
    <ClCompile Include="CScriptMgr.cpp">
      <Filter>ScriptMgr</Filter>
    </ClCompile>
    <ClCompile Include="ScriptFunc.cpp">
      <Filter>Header</Filter>
    </ClCompile>
    <ClCompile Include="CPlayerScript.cpp" />
    <ClCompile Include="CMissileScript.cpp" />
    <ClCompile Include="CNavTestSCR.cpp" />
    <ClCompile Include="CTestSCR.cpp" />
    <ClCompile Include="CBokoblinScript.cpp">
      <Filter>Scripts\Monster\Bokoblin</Filter>
    </ClCompile>
    <ClCompile Include="CMonsterAIScript.cpp">
      <Filter>Scripts\MonsterAI</Filter>
    </ClCompile>
    <ClCompile Include="CMonsterScript.cpp">
      <Filter>Scripts\Monster</Filter>
    </ClCompile>
  </ItemGroup>
</Project>