<?xml version="1.0" encoding="utf-8"?>
<Project ToolsVersion="4.0" xmlns="http://schemas.microsoft.com/developer/msbuild/2003">
  <ItemGroup>
    <Filter Include="Default">
      <UniqueIdentifier>{5fb1d9d1-7d9d-43ea-a359-73efb2208fda}</UniqueIdentifier>
    </Filter>
    <Filter Include="Scripts">
      <UniqueIdentifier>{fcca8f6f-f5d1-4208-a54b-8b2a186e4109}</UniqueIdentifier>
    </Filter>
    <Filter Include="ScriptMgr">
      <UniqueIdentifier>{a81e4175-ff5a-4f4e-b463-42820809320a}</UniqueIdentifier>
    </Filter>
    <Filter Include="Header">
      <UniqueIdentifier>{e95e5319-d12b-4352-ab82-ccf7e5eef93b}</UniqueIdentifier>
    </Filter>
    <Filter Include="Scripts\Monster">
      <UniqueIdentifier>{89bdac44-c4c8-4e01-9a2d-b3cccd8a6471}</UniqueIdentifier>
    </Filter>
    <Filter Include="Scripts\Monster\Bokoblin">
      <UniqueIdentifier>{f60a7553-c40f-4681-bedf-e80ae78ca393}</UniqueIdentifier>
    </Filter>
    <Filter Include="Scripts\MonsterAI">
      <UniqueIdentifier>{3c841489-4051-4823-a8fd-a8c1190449c4}</UniqueIdentifier>
    </Filter>
    <Filter Include="Scripts\Test">
      <UniqueIdentifier>{5e2efb2c-c4b3-487a-967a-d61d47bab0d1}</UniqueIdentifier>
    </Filter>
    <Filter Include="Manager">
      <UniqueIdentifier>{e12b7e76-223e-4bbd-9206-4c6a89f4e255}</UniqueIdentifier>
    </Filter>
    <Filter Include="Scripts\Cam">
      <UniqueIdentifier>{17aca13f-d652-4282-b5dc-03e787792513}</UniqueIdentifier>
    </Filter>
    <Filter Include="Scripts\Cam\LinkCam">
      <UniqueIdentifier>{72119c0f-9c66-4d59-8984-12d2617d4567}</UniqueIdentifier>
    </Filter>
    <Filter Include="Scripts\Link">
      <UniqueIdentifier>{e1c113c9-9efb-401a-82b0-f7b655cbb2f5}</UniqueIdentifier>
    </Filter>
    <Filter Include="Scripts\Link\FSM">
      <UniqueIdentifier>{14854a18-3121-4163-96dc-c49f783ee4c8}</UniqueIdentifier>
    </Filter>
    <Filter Include="Scripts\Link\FSM\Node">
      <UniqueIdentifier>{65ba4764-7584-4517-bf98-7ed2183686bb}</UniqueIdentifier>
    </Filter>
    <Filter Include="Scripts\Link\GroundChecker">
      <UniqueIdentifier>{be9f8d6b-300f-4f84-b444-a2bb5f8dba6c}</UniqueIdentifier>
    </Filter>
    <Filter Include="Scripts\RayCast">
      <UniqueIdentifier>{8d4b41cb-3b78-427b-93c3-0731a2cefc7a}</UniqueIdentifier>
    </Filter>
    <Filter Include="Scripts\Link\LockOn">
      <UniqueIdentifier>{8b6a8b27-a396-48c5-92b3-68337c50ad0c}</UniqueIdentifier>
    </Filter>
    <Filter Include="Scripts\Equipable">
      <UniqueIdentifier>{16278255-c8c4-4948-a1cb-f37ab60eb2b8}</UniqueIdentifier>
    </Filter>
    <Filter Include="Scripts\Link\Weapon">
      <UniqueIdentifier>{fe83b28d-25e8-41f6-9215-23182185b837}</UniqueIdentifier>
    </Filter>
    <Filter Include="Scripts\Link\Dummy">
      <UniqueIdentifier>{4997f10e-dd69-443c-9936-89d744fb7fb6}</UniqueIdentifier>
    </Filter>
    <Filter Include="Scripts\BoneSocket">
      <UniqueIdentifier>{061493d5-f9b3-4c3e-9146-d4130994eb7f}</UniqueIdentifier>
    </Filter>
    <Filter Include="Scripts\Link\Weapon\Sword">
      <UniqueIdentifier>{d1533fb7-365e-4bbe-b0af-6ab1c6bf9e20}</UniqueIdentifier>
    </Filter>
    <Filter Include="Scripts\Link\Weapon\Bow">
      <UniqueIdentifier>{b13b16bb-51a7-45a8-9584-c440ecc32df7}</UniqueIdentifier>
    </Filter>
    <Filter Include="Scripts\Link\Weapon\Bow\Arrow">
      <UniqueIdentifier>{7aff41c9-d248-4208-8be6-36abe681fcc8}</UniqueIdentifier>
    </Filter>
    <Filter Include="Scripts\Link\Hit">
      <UniqueIdentifier>{2b2da27e-a562-4ee3-9730-4d231ae1da97}</UniqueIdentifier>
    </Filter>
    <Filter Include="Scripts\Monster\Boss">
      <UniqueIdentifier>{a3e04a27-85c4-45ea-be9a-873c1841f780}</UniqueIdentifier>
    </Filter>
    <Filter Include="Scripts\Monster\Boss\Fireball">
      <UniqueIdentifier>{7be15779-2dd7-49bc-87f0-2659b0bc657b}</UniqueIdentifier>
    </Filter>
    <Filter Include="Scripts\Link\Bomb">
      <UniqueIdentifier>{d5b92c60-114f-4516-b2ab-d0e1dd686ff2}</UniqueIdentifier>
    </Filter>
    <Filter Include="Scripts\UI">
      <UniqueIdentifier>{6a73a8ee-331d-419f-87cc-4088a0396ccc}</UniqueIdentifier>
    </Filter>
    <Filter Include="Scripts\UI\Heart">
      <UniqueIdentifier>{882cba08-1191-4397-a212-07d64b5152ab}</UniqueIdentifier>
    </Filter>
    <Filter Include="Scripts\Effect">
      <UniqueIdentifier>{1cc0432d-6ced-427f-9141-175394fa5303}</UniqueIdentifier>
    </Filter>
    <Filter Include="Scripts\Monster\Hinox">
      <UniqueIdentifier>{8697f918-3dcf-4c44-a165-73389a2f6928}</UniqueIdentifier>
    </Filter>
    <Filter Include="Scripts\Dgn">
      <UniqueIdentifier>{a44d2d27-5e2a-4be9-80c9-ab8ef86218b8}</UniqueIdentifier>
    </Filter>
  </ItemGroup>
  <ItemGroup>
    <ClInclude Include="framework.h">
      <Filter>Default</Filter>
    </ClInclude>
    <ClInclude Include="pch.h">
      <Filter>Default</Filter>
    </ClInclude>
    <ClInclude Include="CScriptMgr.h">
      <Filter>ScriptMgr</Filter>
    </ClInclude>
    <ClInclude Include="Scriptdefine.h">
      <Filter>Header</Filter>
    </ClInclude>
    <ClInclude Include="Scriptstruct.h">
      <Filter>Header</Filter>
    </ClInclude>
    <ClInclude Include="ScriptFunc.h">
      <Filter>Header</Filter>
    </ClInclude>
    <ClInclude Include="CPlayerScript.h" />
    <ClInclude Include="CMissileScript.h" />
    <ClInclude Include="CNavTestSCR.h" />
    <ClInclude Include="CTestSCR.h" />
    <ClInclude Include="CBokoblinScript.h">
      <Filter>Scripts\Monster\Bokoblin</Filter>
    </ClInclude>
    <ClInclude Include="CMonsterAIScript.h">
      <Filter>Scripts\MonsterAI</Filter>
    </ClInclude>
    <ClInclude Include="CMissileScript.h">
      <Filter>Scripts\Test</Filter>
    </ClInclude>
    <ClInclude Include="CMonsterScript.h">
      <Filter>Scripts\Test</Filter>
    </ClInclude>
    <ClInclude Include="CNavTestSCR.h">
      <Filter>Scripts\Test</Filter>
    </ClInclude>
    <ClInclude Include="CPlayerScript.h">
      <Filter>Scripts\Test</Filter>
    </ClInclude>
    <ClInclude Include="CTestSCR.h">
      <Filter>Scripts\Test</Filter>
    </ClInclude>
    <ClInclude Include="CLinkScript.h">
      <Filter>Scripts\Link</Filter>
    </ClInclude>
    <ClInclude Include="CCameraMgr.h">
      <Filter>Manager</Filter>
    </ClInclude>
    <ClInclude Include="CCamScript.h">
      <Filter>Scripts\Cam</Filter>
    </ClInclude>
    <ClInclude Include="CLinkCamScript.h">
      <Filter>Scripts\Cam\LinkCam</Filter>
    </ClInclude>
    <ClInclude Include="Scriptglobal.h">
      <Filter>Header</Filter>
    </ClInclude>
    <ClInclude Include="CLinkAnimScript.h">
      <Filter>Scripts\Link\FSM</Filter>
    </ClInclude>
    <ClInclude Include="FSMNode.h">
      <Filter>Scripts\Link\FSM\Node</Filter>
    </ClInclude>
    <ClInclude Include="CGroundCheckScript.h">
      <Filter>Scripts\Link\GroundChecker</Filter>
    </ClInclude>
    <ClInclude Include="CLockOnScript.h">
      <Filter>Scripts\Link\LockOn</Filter>
    </ClInclude>
    <ClInclude Include="CEquipableScript.h">
      <Filter>Scripts\Link\Dummy</Filter>
    </ClInclude>
    <ClInclude Include="CRayCastScript.h">
      <Filter>Scripts\RayCast</Filter>
    </ClInclude>
    <ClInclude Include="CBonesocketScript.h">
      <Filter>Scripts\BoneSocket</Filter>
    </ClInclude>
    <ClInclude Include="CMonsterScript.h">
      <Filter>Scripts\Monster</Filter>
    </ClInclude>
    <ClInclude Include="CMonWeaponScript.h">
      <Filter>Scripts\Monster</Filter>
    </ClInclude>
    <ClInclude Include="CLinkBowScript.h">
      <Filter>Scripts\Link\Weapon\Bow</Filter>
    </ClInclude>
    <ClInclude Include="CLinkSwordScript.h">
      <Filter>Scripts\Link\Weapon\Sword</Filter>
    </ClInclude>
    <ClInclude Include="CLinkArrowScript.h">
      <Filter>Scripts\Link\Weapon\Bow\Arrow</Filter>
    </ClInclude>
    <ClInclude Include="CMonHeadScript.h">
      <Filter>Scripts\Monster</Filter>
    </ClInclude>
    <ClInclude Include="CBossScript.h">
      <Filter>Scripts\Monster\Boss</Filter>
    </ClInclude>
    <ClInclude Include="CBossFireballScript.h">
      <Filter>Scripts\Monster\Boss\Fireball</Filter>
    </ClInclude>
    <ClInclude Include="CLinkHitScript.h">
      <Filter>Scripts\Link\Hit</Filter>
    </ClInclude>
    <ClInclude Include="CUIScript.h">
      <Filter>Scripts\UI</Filter>
    </ClInclude>
    <ClInclude Include="CLinkBombScript.h">
      <Filter>Scripts\Link\Bomb</Filter>
    </ClInclude>
    <ClInclude Include="CEffectScaler.h">
      <Filter>Scripts\Effect</Filter>
    </ClInclude>
    <ClInclude Include="CFlashEffectScript.h">
      <Filter>Scripts\Effect</Filter>
    </ClInclude>
    <ClInclude Include="CUIHeartScript.h">
      <Filter>Scripts\UI\Heart</Filter>
    </ClInclude>
    <ClInclude Include="CHinoxScript.h">
      <Filter>Scripts\Monster\Hinox</Filter>
    </ClInclude>
    <ClInclude Include="CDgnEtTriggerScript.h">
      <Filter>Scripts\Dgn</Filter>
    </ClInclude>
    <ClInclude Include="CDgnEnterScript.h">
      <Filter>Scripts\Dgn</Filter>
    </ClInclude>
    <ClInclude Include="CDgnBeginScript.h">
      <Filter>Scripts\Dgn</Filter>
    </ClInclude>
  </ItemGroup>
  <ItemGroup>
    <ClCompile Include="pch.cpp">
      <Filter>Default</Filter>
    </ClCompile>
    <ClCompile Include="Script.cpp">
      <Filter>Default</Filter>
    </ClCompile>
    <ClCompile Include="CScriptMgr.cpp">
      <Filter>ScriptMgr</Filter>
    </ClCompile>
    <ClCompile Include="ScriptFunc.cpp">
      <Filter>Header</Filter>
    </ClCompile>
    <ClCompile Include="CPlayerScript.cpp" />
    <ClCompile Include="CMissileScript.cpp" />
    <ClCompile Include="CNavTestSCR.cpp" />
    <ClCompile Include="CTestSCR.cpp" />
    <ClCompile Include="CBokoblinScript.cpp">
      <Filter>Scripts\Monster\Bokoblin</Filter>
    </ClCompile>
    <ClCompile Include="CMonsterAIScript.cpp">
      <Filter>Scripts\MonsterAI</Filter>
    </ClCompile>
    <ClCompile Include="CMissileScript.cpp">
      <Filter>Scripts\Test</Filter>
    </ClCompile>
    <ClCompile Include="CMonsterScript.cpp">
      <Filter>Scripts\Test</Filter>
    </ClCompile>
    <ClCompile Include="CNavTestSCR.cpp">
      <Filter>Scripts\Test</Filter>
    </ClCompile>
    <ClCompile Include="CPlayerScript.cpp">
      <Filter>Scripts\Test</Filter>
    </ClCompile>
    <ClCompile Include="CTestSCR.cpp">
      <Filter>Scripts\Test</Filter>
    </ClCompile>
    <ClCompile Include="CLinkScript.cpp">
      <Filter>Scripts\Link</Filter>
    </ClCompile>
    <ClCompile Include="CCameraMgr.cpp">
      <Filter>Manager</Filter>
    </ClCompile>
    <ClCompile Include="CCamScript.cpp">
      <Filter>Scripts\Cam</Filter>
    </ClCompile>
    <ClCompile Include="CLinkCamScript.cpp">
      <Filter>Scripts\Cam\LinkCam</Filter>
    </ClCompile>
    <ClCompile Include="Scriptextern.cpp">
      <Filter>Header</Filter>
    </ClCompile>
    <ClCompile Include="CLinkAnimScript.cpp">
      <Filter>Scripts\Link\FSM</Filter>
    </ClCompile>
    <ClCompile Include="FSMNode.cpp">
      <Filter>Scripts\Link\FSM\Node</Filter>
    </ClCompile>
    <ClCompile Include="CLinkAnimFSMInit.cpp">
      <Filter>Scripts\Link\FSM</Filter>
    </ClCompile>
    <ClCompile Include="CGroundCheckScript.cpp">
      <Filter>Scripts\Link\GroundChecker</Filter>
    </ClCompile>
    <ClCompile Include="CLockOnScript.cpp">
      <Filter>Scripts\Link\LockOn</Filter>
    </ClCompile>
    <ClCompile Include="CLinkAnimFunc.cpp">
      <Filter>Scripts\Link\FSM</Filter>
    </ClCompile>
    <ClCompile Include="CEquipableScript.cpp">
      <Filter>Scripts\Link\Dummy</Filter>
    </ClCompile>
    <ClCompile Include="CRayCastScript.cpp">
      <Filter>Scripts\RayCast</Filter>
    </ClCompile>
    <ClCompile Include="CBonesocketScript.cpp">
      <Filter>Scripts\BoneSocket</Filter>
    </ClCompile>
    <ClCompile Include="CMonsterScript.cpp">
      <Filter>Scripts\Monster</Filter>
    </ClCompile>
    <ClCompile Include="CMonWeaponScript.cpp">
      <Filter>Scripts\Monster</Filter>
    </ClCompile>
    <ClCompile Include="CLinkSwordScript.cpp">
      <Filter>Scripts\Link\Weapon\Sword</Filter>
    </ClCompile>
    <ClCompile Include="CLinkBowScript.cpp">
      <Filter>Scripts\Link\Weapon\Bow</Filter>
    </ClCompile>
    <ClCompile Include="CLinkArrowScript.cpp">
      <Filter>Scripts\Link\Weapon\Bow\Arrow</Filter>
    </ClCompile>
    <ClCompile Include="CMonHeadScript.cpp">
      <Filter>Scripts\Monster</Filter>
    </ClCompile>
    <ClCompile Include="CBossScript.cpp">
      <Filter>Scripts\Monster\Boss</Filter>
    </ClCompile>
    <ClCompile Include="CBossFireballScript.cpp">
      <Filter>Scripts\Monster\Boss\Fireball</Filter>
    </ClCompile>
    <ClCompile Include="CLinkHitScript.cpp">
      <Filter>Scripts\Link\Hit</Filter>
    </ClCompile>
    <ClCompile Include="CUIScript.cpp">
      <Filter>Scripts\UI</Filter>
    </ClCompile>
    <ClCompile Include="CLinkBombScript.cpp">
      <Filter>Scripts\Link\Bomb</Filter>
    </ClCompile>
    <ClCompile Include="CEffectScaler.cpp">
      <Filter>Scripts\Effect</Filter>
    </ClCompile>
    <ClCompile Include="CFlashEffectScript.cpp">
      <Filter>Scripts\Effect</Filter>
    </ClCompile>
    <ClCompile Include="CUIHeartScript.cpp">
      <Filter>Scripts\UI\Heart</Filter>
    </ClCompile>
    <ClCompile Include="CHinoxScript.cpp">
      <Filter>Scripts\Monster\Hinox</Filter>
    </ClCompile>
    <ClCompile Include="CDgnEtTriggerScript.cpp">
      <Filter>Scripts\Dgn</Filter>
    </ClCompile>
    <ClCompile Include="CDgnEnterScript.cpp">
      <Filter>Scripts\Dgn</Filter>
    </ClCompile>
    <ClCompile Include="CDgnBeginScript.cpp">
      <Filter>Scripts\Dgn</Filter>
    </ClCompile>
  </ItemGroup>
</Project>